
Microsoft Visual Studio Solution File, Format Version 12.00
# Visual Studio Version 16
VisualStudioVersion = 16.0.31729.503
MinimumVisualStudioVersion = 10.0.40219.1
Project("{8BC9CEB8-8B4A-11D0-8D11-00A0C91BC942}") = "OpenGL2", "OpenGL2\OpenGL2.vcxproj", "{51CC1E5B-6E13-4326-82F4-468AEAA107F9}"
EndProject
Global
	GlobalSection(SolutionConfigurationPlatforms) = preSolution
		Debug|x64 = Debug|x64
		Debug|x86 = Debug|x86
		Release|x64 = Release|x64
		Release|x86 = Release|x86
	EndGlobalSection
	GlobalSection(ProjectConfigurationPlatforms) = postSolution
		{51CC1E5B-6E13-4326-82F4-468AEAA107F9}.Debug|x64.ActiveCfg = Debug|x64
		{51CC1E5B-6E13-4326-82F4-468AEAA107F9}.Debug|x64.Build.0 = Debug|x64
		{51CC1E5B-6E13-4326-82F4-468AEAA107F9}.Debug|x86.ActiveCfg = Debug|Win32
		{51CC1E5B-6E13-4326-82F4-468AEAA107F9}.Debug|x86.Build.0 = Debug|Win32
		{51CC1E5B-6E13-4326-82F4-468AEAA107F9}.Release|x64.ActiveCfg = Release|x64
		{51CC1E5B-6E13-4326-82F4-468AEAA107F9}.Release|x64.Build.0 = Release|x64
		{51CC1E5B-6E13-4326-82F4-468AEAA107F9}.Release|x86.ActiveCfg = Release|Win32
		{51CC1E5B-6E13-4326-82F4-468AEAA107F9}.Release|x86.Build.0 = Release|Win32
	EndGlobalSection
	GlobalSection(SolutionProperties) = preSolution
		HideSolutionNode = FALSE
	EndGlobalSection
	GlobalSection(ExtensibilityGlobals) = postSolution
		SolutionGuid = {DB127429-13AC-4088-892C-5B0E5A771F57}
	EndGlobalSection
EndGlobal
